{
  "name": "@sample/aurora-demo",
  "version": "0.1.0",
  "lockfileVersion": 3,
  "requires": true,
  "packages": {
    "": {
      "name": "@sample/aurora-demo",
      "version": "0.1.0",
      "dependencies": {
        "aurora-library": "file:../../packages/aurora-library"
      },
      "devDependencies": {
        "@funcdraw/fd-play": "file:../../packages/fd-play"
      }
    },
    "../../packages/aurora-library": {
      "version": "0.1.0"
    },
    "../../packages/fd-play": {
      "name": "@funcdraw/fd-play",
      "version": "0.1.0",
      "dev": true,
      "dependencies": {
        "@funcdraw/fd-player": "^0.1.0",
        "commander": "^12.1.0",
        "esbuild": "^0.24.0",
        "jszip": "^3.10.1",
        "mime": "^4.0.4",
        "open": "^10.1.0"
      },
      "bin": {
        "fd-play": "dist/cli.js"
      },
      "devDependencies": {
        "@types/node": "^20.17.1",
        "typescript": "^5.4.5"
      }
    },
    "node_modules/@funcdraw/fd-play": {
      "resolved": "../../packages/fd-play",
      "link": true
    },
    "node_modules/aurora-library": {
      "resolved": "../../packages/aurora-library",
      "link": true
    }
  }
}
