{
  "name": "@funcdraw/testcompose",
  "version": "0.1.0",
  "lockfileVersion": 3,
  "requires": true,
  "packages": {
    "": {
      "name": "@funcdraw/testcompose",
      "version": "0.1.0",
      "dependencies": {
        "@funcdraw/testlib": "file:../testlib"
      },
      "devDependencies": {
        "@funcdraw/play": "file:../../packages/funcdraw-play"
      }
    },
    "../../packages/funcdraw-play": {
      "name": "@funcdraw/play",
      "version": "0.1.0",
      "dev": true,
      "license": "MIT",
      "dependencies": {
        "@funcdraw/core": "file:../funcdraw-core",
        "@tewelde/funcscript": "file:../../funcscript/js-port/funcscript-js",
        "express": "^4.19.2",
        "get-port": "^7.0.0",
        "open": "^10.1.0",
        "picocolors": "^1.0.0",
        "yargs": "^17.7.2"
      },
      "bin": {
        "funcdraw-play": "bin/funcdraw-play.js"
      },
      "engines": {
        "node": ">=18"
      }
    },
    "../testlib": {
      "name": "@funcdraw/testlib",
      "version": "0.1.0",
      "devDependencies": {
        "@funcdraw/play": "file:../../packages/funcdraw-play"
      }
    },
    "node_modules/@funcdraw/play": {
      "resolved": "../../packages/funcdraw-play",
      "link": true
    },
    "node_modules/@funcdraw/testlib": {
      "resolved": "../testlib",
      "link": true
    }
  }
}
