{
  "name": "@tewelde/funcdraw",
  "version": "0.1.0",
  "lockfileVersion": 3,
  "requires": true,
  "packages": {
    "": {
      "name": "@tewelde/funcdraw",
      "version": "0.1.0",
      "license": "MIT",
      "dependencies": {
        "@tewelde/funcscript": "0.2.0"
      }
    },
    "node_modules/@tewelde/funcscript": {
      "version": "0.2.0",
      "resolved": "https://registry.npmjs.org/@tewelde/funcscript/-/funcscript-0.2.0.tgz",
      "integrity": "sha512-HhRhM3gain4ipKDayJ1ZJUZXRltrNiVfR1oM9l1eGA3yYUxWsAoG4FhrvzzhNa5+hADWTY6MD8dO/uCppRH2MQ==",
      "license": "MIT",
      "engines": {
        "node": ">=18"
      }
    }
  }
}
