{
  "name": "@tewelde/funcdraw",
  "version": "0.1.0",
  "lockfileVersion": 3,
  "requires": true,
  "packages": {
    "": {
      "name": "@tewelde/funcdraw",
      "version": "0.1.0",
      "license": "MIT",
      "dependencies": {
        "@tewelde/funcscript": "^0.2.5"
      }
    },
    "node_modules/@tewelde/funcscript": {
      "version": "0.2.5",
      "resolved": "https://registry.npmjs.org/@tewelde/funcscript/-/funcscript-0.2.5.tgz",
      "integrity": "sha512-rVBdwhxoefbdKQ1iM3vm4PXHV9T6gP1x15f5ltBy8G3lgaU28OItl52h+3WBLQUH4MMcMlkBro8M7WR02+fH4Q==",
      "license": "MIT",
      "engines": {
        "node": ">=18"
      }
    }
  }
}
