{
  "name": "@sample/city-town-avenue",
  "version": "0.1.0",
  "lockfileVersion": 3,
  "requires": true,
  "packages": {
    "": {
      "name": "@sample/city-town-avenue",
      "version": "0.1.0",
      "dependencies": {
        "@funcdraw/cat-cartoon": "file:../../packages/cartoon",
        "aurora-library": "file:../../packages/aurora-library"
      },
      "devDependencies": {
        "@funcdraw/fd-cli": "file:../../fd-cli"
      }
    },
    "../../fd-cli": {
      "name": "@funcdraw/fd-cli",
      "version": "0.1.2",
      "dev": true,
      "license": "MIT",
      "dependencies": {
        "@funcdraw/core": "^0.1.2",
        "@resvg/resvg-js": "^2.6.2",
        "@tewelde/fs-cli": "^0.2.0",
        "@tewelde/funcscript": "^0.2.5"
      },
      "bin": {
        "fd-cli": "bin/fd-cli.js"
      },
      "engines": {
        "node": ">=18"
      }
    },
    "../../packages/aurora-library": {
      "version": "0.1.0"
    },
    "../../packages/cartoon": {
      "name": "@funcdraw/cat-cartoon",
      "version": "0.1.0",
      "license": "MIT"
    },
    "node_modules/@funcdraw/cat-cartoon": {
      "resolved": "../../packages/cartoon",
      "link": true
    },
    "node_modules/@funcdraw/fd-cli": {
      "resolved": "../../fd-cli",
      "link": true
    },
    "node_modules/aurora-library": {
      "resolved": "../../packages/aurora-library",
      "link": true
    }
  }
}
