{
  "name": "@sample/cartoon-demo",
  "version": "0.1.0",
  "lockfileVersion": 3,
  "requires": true,
  "packages": {
    "": {
      "name": "@sample/cartoon-demo",
      "version": "0.1.0",
      "dependencies": {
        "@funcdraw/cat-cartoon": "file:../../packages/cartoon"
      }
    },
    "../../packages/cartoon": {
      "name": "@funcdraw/cat-cartoon",
      "version": "0.1.0",
      "license": "MIT"
    },
    "node_modules/@funcdraw/cat-cartoon": {
      "resolved": "../../packages/cartoon",
      "link": true
    }
  }
}
